
Microsoft Visual Studio Solution File, Format Version 12.00
# Visual Studio Version 17
VisualStudioVersion = 17.3.32922.545
MinimumVisualStudioVersion = 10.0.40219.1
Project("{FAE04EC0-301F-11D3-BF4B-00C04F79EFBC}") = "SpicyNvader - samgreppin", "SpicyNvader - samgreppin\SpicyNvader - samgreppin.csproj", "{B8C5165F-1B43-4268-AC56-EB99E5D37EB0}"
EndProject
Project("{FAE04EC0-301F-11D3-BF4B-00C04F79EFBC}") = "Classes", "Classes\Classes.csproj", "{3DA10E00-6A23-4519-BDD7-B728CE7683A6}"
EndProject
Project("{FAE04EC0-301F-11D3-BF4B-00C04F79EFBC}") = "Test", "Test\Test.csproj", "{96764AF6-3535-4219-955C-5AE4A56A7B54}"
EndProject
Global
	GlobalSection(SolutionConfigurationPlatforms) = preSolution
		Debug|Any CPU = Debug|Any CPU
		Release|Any CPU = Release|Any CPU
	EndGlobalSection
	GlobalSection(ProjectConfigurationPlatforms) = postSolution
		{B8C5165F-1B43-4268-AC56-EB99E5D37EB0}.Debug|Any CPU.ActiveCfg = Debug|Any CPU
		{B8C5165F-1B43-4268-AC56-EB99E5D37EB0}.Debug|Any CPU.Build.0 = Debug|Any CPU
		{B8C5165F-1B43-4268-AC56-EB99E5D37EB0}.Release|Any CPU.ActiveCfg = Release|Any CPU
		{B8C5165F-1B43-4268-AC56-EB99E5D37EB0}.Release|Any CPU.Build.0 = Release|Any CPU
		{3DA10E00-6A23-4519-BDD7-B728CE7683A6}.Debug|Any CPU.ActiveCfg = Debug|Any CPU
		{3DA10E00-6A23-4519-BDD7-B728CE7683A6}.Debug|Any CPU.Build.0 = Debug|Any CPU
		{3DA10E00-6A23-4519-BDD7-B728CE7683A6}.Release|Any CPU.ActiveCfg = Release|Any CPU
		{3DA10E00-6A23-4519-BDD7-B728CE7683A6}.Release|Any CPU.Build.0 = Release|Any CPU
		{96764AF6-3535-4219-955C-5AE4A56A7B54}.Debug|Any CPU.ActiveCfg = Debug|Any CPU
		{96764AF6-3535-4219-955C-5AE4A56A7B54}.Debug|Any CPU.Build.0 = Debug|Any CPU
		{96764AF6-3535-4219-955C-5AE4A56A7B54}.Release|Any CPU.ActiveCfg = Release|Any CPU
		{96764AF6-3535-4219-955C-5AE4A56A7B54}.Release|Any CPU.Build.0 = Release|Any CPU
	EndGlobalSection
	GlobalSection(SolutionProperties) = preSolution
		HideSolutionNode = FALSE
	EndGlobalSection
	GlobalSection(ExtensibilityGlobals) = postSolution
		SolutionGuid = {12152B40-198E-4FAF-9A30-2599092B5511}
	EndGlobalSection
EndGlobal
